// !$*UTF8*$!
{
	archiveVersion = 1;
	classes = {
	};
	objectVersion = 56;
	objects = {

/* Begin PBXBuildFile section */
		CF0C72B82CA181BC00095473 /* SceneDelegate.swift in Sources */ = {isa = PBXBuildFile; fileRef = CF0C72B72CA181BC00095473 /* SceneDelegate.swift */; };
		CF0C72C02CA182CB00095473 /* SplashProtocols.swift in Sources */ = {isa = PBXBuildFile; fileRef = CF0C72BA2CA182CB00095473 /* SplashProtocols.swift */; };
		CF0C72C12CA182CB00095473 /* SplashViewModel.swift in Sources */ = {isa = PBXBuildFile; fileRef = CF0C72BE2CA182CB00095473 /* SplashViewModel.swift */; };
		CF0C72C22CA182CB00095473 /* SplashBuilder.swift in Sources */ = {isa = PBXBuildFile; fileRef = CF0C72B92CA182CB00095473 /* SplashBuilder.swift */; };
		CF0C72C32CA182CB00095473 /* SplashViewController.swift in Sources */ = {isa = PBXBuildFile; fileRef = CF0C72BC2CA182CB00095473 /* SplashViewController.swift */; };
		CF0C72C42CA182CB00095473 /* SplashRouter.swift in Sources */ = {isa = PBXBuildFile; fileRef = CF0C72BB2CA182CB00095473 /* SplashRouter.swift */; };
		CF0C72C52CA182CB00095473 /* SplashViewController.xib in Resources */ = {isa = PBXBuildFile; fileRef = CF0C72BD2CA182CB00095473 /* SplashViewController.xib */; };
		F79284402C9B38490017A827 /* AppDelegate.swift in Sources */ = {isa = PBXBuildFile; fileRef = F792843F2C9B38490017A827 /* AppDelegate.swift */; };
		F79284492C9B384A0017A827 /* Assets.xcassets in Resources */ = {isa = PBXBuildFile; fileRef = F79284482C9B384A0017A827 /* Assets.xcassets */; };
		F792844C2C9B384A0017A827 /* Base in Resources */ = {isa = PBXBuildFile; fileRef = F792844B2C9B384A0017A827 /* Base */; };
		F79284602C9B3D400017A827 /* HomeViewController.xib in Resources */ = {isa = PBXBuildFile; fileRef = F792845F2C9B3D400017A827 /* HomeViewController.xib */; };
		F79284612C9B3D400017A827 /* HomeViewController.swift in Sources */ = {isa = PBXBuildFile; fileRef = F792845E2C9B3D400017A827 /* HomeViewController.swift */; };
		F79284632C9B3D690017A827 /* HomeViewModel.swift in Sources */ = {isa = PBXBuildFile; fileRef = F79284622C9B3D690017A827 /* HomeViewModel.swift */; };
		F79284652C9B3D870017A827 /* HomeRouter.swift in Sources */ = {isa = PBXBuildFile; fileRef = F79284642C9B3D870017A827 /* HomeRouter.swift */; };
		F79284672C9B3D9D0017A827 /* HomeBuilder.swift in Sources */ = {isa = PBXBuildFile; fileRef = F79284662C9B3D9D0017A827 /* HomeBuilder.swift */; };
/* End PBXBuildFile section */

/* Begin PBXFileReference section */
		CF0C72B72CA181BC00095473 /* SceneDelegate.swift */ = {isa = PBXFileReference; lastKnownFileType = sourcecode.swift; path = SceneDelegate.swift; sourceTree = "<group>"; };
		CF0C72B92CA182CB00095473 /* SplashBuilder.swift */ = {isa = PBXFileReference; lastKnownFileType = sourcecode.swift; path = SplashBuilder.swift; sourceTree = "<group>"; };
		CF0C72BA2CA182CB00095473 /* SplashProtocols.swift */ = {isa = PBXFileReference; lastKnownFileType = sourcecode.swift; path = SplashProtocols.swift; sourceTree = "<group>"; };
		CF0C72BB2CA182CB00095473 /* SplashRouter.swift */ = {isa = PBXFileReference; lastKnownFileType = sourcecode.swift; path = SplashRouter.swift; sourceTree = "<group>"; };
		CF0C72BC2CA182CB00095473 /* SplashViewController.swift */ = {isa = PBXFileReference; lastKnownFileType = sourcecode.swift; path = SplashViewController.swift; sourceTree = "<group>"; };
		CF0C72BD2CA182CB00095473 /* SplashViewController.xib */ = {isa = PBXFileReference; lastKnownFileType = file.xib; path = SplashViewController.xib; sourceTree = "<group>"; };
		CF0C72BE2CA182CB00095473 /* SplashViewModel.swift */ = {isa = PBXFileReference; lastKnownFileType = sourcecode.swift; path = SplashViewModel.swift; sourceTree = "<group>"; };
		F792843C2C9B38490017A827 /* RickAndMorty.app */ = {isa = PBXFileReference; explicitFileType = wrapper.application; includeInIndex = 0; path = RickAndMorty.app; sourceTree = BUILT_PRODUCTS_DIR; };
		F792843F2C9B38490017A827 /* AppDelegate.swift */ = {isa = PBXFileReference; lastKnownFileType = sourcecode.swift; path = AppDelegate.swift; sourceTree = "<group>"; };
		F79284482C9B384A0017A827 /* Assets.xcassets */ = {isa = PBXFileReference; lastKnownFileType = folder.assetcatalog; path = Assets.xcassets; sourceTree = "<group>"; };
		F792844B2C9B384A0017A827 /* Base */ = {isa = PBXFileReference; lastKnownFileType = file.storyboard; name = Base; path = Base.lproj/LaunchScreen.storyboard; sourceTree = "<group>"; };
		F792844D2C9B384A0017A827 /* Info.plist */ = {isa = PBXFileReference; lastKnownFileType = text.plist.xml; path = Info.plist; sourceTree = "<group>"; };
		F792845E2C9B3D400017A827 /* HomeViewController.swift */ = {isa = PBXFileReference; lastKnownFileType = sourcecode.swift; path = HomeViewController.swift; sourceTree = "<group>"; };
		F792845F2C9B3D400017A827 /* HomeViewController.xib */ = {isa = PBXFileReference; lastKnownFileType = file.xib; path = HomeViewController.xib; sourceTree = "<group>"; };
		F79284622C9B3D690017A827 /* HomeViewModel.swift */ = {isa = PBXFileReference; lastKnownFileType = sourcecode.swift; path = HomeViewModel.swift; sourceTree = "<group>"; };
		F79284642C9B3D870017A827 /* HomeRouter.swift */ = {isa = PBXFileReference; lastKnownFileType = sourcecode.swift; path = HomeRouter.swift; sourceTree = "<group>"; };
		F79284662C9B3D9D0017A827 /* HomeBuilder.swift */ = {isa = PBXFileReference; lastKnownFileType = sourcecode.swift; path = HomeBuilder.swift; sourceTree = "<group>"; };
/* End PBXFileReference section */

/* Begin PBXFrameworksBuildPhase section */
		F79284392C9B38490017A827 /* Frameworks */ = {
			isa = PBXFrameworksBuildPhase;
			buildActionMask = 2147483647;
			files = (
			);
			runOnlyForDeploymentPostprocessing = 0;
		};
/* End PBXFrameworksBuildPhase section */

/* Begin PBXGroup section */
		CF0C72BF2CA182CB00095473 /* Splash */ = {
			isa = PBXGroup;
			children = (
				CF0C72B92CA182CB00095473 /* SplashBuilder.swift */,
				CF0C72BA2CA182CB00095473 /* SplashProtocols.swift */,
				CF0C72BB2CA182CB00095473 /* SplashRouter.swift */,
				CF0C72BC2CA182CB00095473 /* SplashViewController.swift */,
				CF0C72BD2CA182CB00095473 /* SplashViewController.xib */,
				CF0C72BE2CA182CB00095473 /* SplashViewModel.swift */,
			);
			path = Splash;
			sourceTree = "<group>";
		};
		F79284332C9B38490017A827 = {
			isa = PBXGroup;
			children = (
				F792843E2C9B38490017A827 /* RickAndMorty */,
				F792843D2C9B38490017A827 /* Products */,
			);
			sourceTree = "<group>";
		};
		F792843D2C9B38490017A827 /* Products */ = {
			isa = PBXGroup;
			children = (
				F792843C2C9B38490017A827 /* RickAndMorty.app */,
			);
			name = Products;
			sourceTree = "<group>";
		};
		F792843E2C9B38490017A827 /* RickAndMorty */ = {
			isa = PBXGroup;
			children = (
				F79284532C9B38840017A827 /* Data */,
				F79284562C9B398D0017A827 /* Domain */,
				F792845A2C9B3AF90017A827 /* Presentation */,
				F79284482C9B384A0017A827 /* Assets.xcassets */,
				F792844A2C9B384A0017A827 /* LaunchScreen.storyboard */,
				F792844D2C9B384A0017A827 /* Info.plist */,
			);
			path = RickAndMorty;
			sourceTree = "<group>";
		};
		F79284532C9B38840017A827 /* Data */ = {
			isa = PBXGroup;
			children = (
				F79284552C9B38F80017A827 /* Repositories */,
				F79284542C9B38900017A827 /* DataSources */,
			);
			path = Data;
			sourceTree = "<group>";
		};
		F79284542C9B38900017A827 /* DataSources */ = {
			isa = PBXGroup;
			children = (
			);
			path = DataSources;
			sourceTree = "<group>";
		};
		F79284552C9B38F80017A827 /* Repositories */ = {
			isa = PBXGroup;
			children = (
			);
			path = Repositories;
			sourceTree = "<group>";
		};
		F79284562C9B398D0017A827 /* Domain */ = {
			isa = PBXGroup;
			children = (
				F79284592C9B3A740017A827 /* Entities */,
				F79284582C9B39C30017A827 /* UseCases */,
				F79284572C9B399A0017A827 /* Repositories */,
			);
			path = Domain;
			sourceTree = "<group>";
		};
		F79284572C9B399A0017A827 /* Repositories */ = {
			isa = PBXGroup;
			children = (
			);
			path = Repositories;
			sourceTree = "<group>";
		};
		F79284582C9B39C30017A827 /* UseCases */ = {
			isa = PBXGroup;
			children = (
			);
			path = UseCases;
			sourceTree = "<group>";
		};
		F79284592C9B3A740017A827 /* Entities */ = {
			isa = PBXGroup;
			children = (
			);
			path = Entities;
			sourceTree = "<group>";
		};
		F792845A2C9B3AF90017A827 /* Presentation */ = {
			isa = PBXGroup;
			children = (
				F792845C2C9B3B310017A827 /* Modules */,
				F792845B2C9B3B0E0017A827 /* App */,
			);
			path = Presentation;
			sourceTree = "<group>";
		};
		F792845B2C9B3B0E0017A827 /* App */ = {
			isa = PBXGroup;
			children = (
				CF0C72B72CA181BC00095473 /* SceneDelegate.swift */,
				F792843F2C9B38490017A827 /* AppDelegate.swift */,
			);
			path = App;
			sourceTree = "<group>";
		};
		F792845C2C9B3B310017A827 /* Modules */ = {
			isa = PBXGroup;
			children = (
				CF0C72BF2CA182CB00095473 /* Splash */,
				F792845D2C9B3D120017A827 /* Home */,
			);
			path = Modules;
			sourceTree = "<group>";
		};
		F792845D2C9B3D120017A827 /* Home */ = {
			isa = PBXGroup;
			children = (
				F79284692C9B44290017A827 /* CharacterCell */,
				F79284682C9B441E0017A827 /* New Group */,
				F792845E2C9B3D400017A827 /* HomeViewController.swift */,
				F792845F2C9B3D400017A827 /* HomeViewController.xib */,
				F79284622C9B3D690017A827 /* HomeViewModel.swift */,
				F79284642C9B3D870017A827 /* HomeRouter.swift */,
				F79284662C9B3D9D0017A827 /* HomeBuilder.swift */,
			);
			path = Home;
			sourceTree = "<group>";
		};
		F79284682C9B441E0017A827 /* New Group */ = {
			isa = PBXGroup;
			children = (
			);
			name = "New Group";
			sourceTree = "<group>";
		};
		F79284692C9B44290017A827 /* CharacterCell */ = {
			isa = PBXGroup;
			children = (
			);
			name = CharacterCell;
			sourceTree = "<group>";
		};
/* End PBXGroup section */

/* Begin PBXNativeTarget section */
		F792843B2C9B38490017A827 /* RickAndMorty */ = {
			isa = PBXNativeTarget;
			buildConfigurationList = F79284502C9B384A0017A827 /* Build configuration list for PBXNativeTarget "RickAndMorty" */;
			buildPhases = (
				F79284382C9B38490017A827 /* Sources */,
				F79284392C9B38490017A827 /* Frameworks */,
				F792843A2C9B38490017A827 /* Resources */,
			);
			buildRules = (
			);
			dependencies = (
			);
			name = RickAndMorty;
			productName = RickAndMorty;
			productReference = F792843C2C9B38490017A827 /* RickAndMorty.app */;
			productType = "com.apple.product-type.application";
		};
/* End PBXNativeTarget section */

/* Begin PBXProject section */
		F79284342C9B38490017A827 /* Project object */ = {
			isa = PBXProject;
			attributes = {
				BuildIndependentTargetsInParallel = 1;
				LastSwiftUpdateCheck = 1540;
				LastUpgradeCheck = 1540;
				TargetAttributes = {
					F792843B2C9B38490017A827 = {
						CreatedOnToolsVersion = 15.4;
					};
				};
			};
			buildConfigurationList = F79284372C9B38490017A827 /* Build configuration list for PBXProject "RickAndMorty" */;
			compatibilityVersion = "Xcode 14.0";
			developmentRegion = en;
			hasScannedForEncodings = 0;
			knownRegions = (
				en,
				Base,
			);
			mainGroup = F79284332C9B38490017A827;
			productRefGroup = F792843D2C9B38490017A827 /* Products */;
			projectDirPath = "";
			projectRoot = "";
			targets = (
				F792843B2C9B38490017A827 /* RickAndMorty */,
			);
		};
/* End PBXProject section */

/* Begin PBXResourcesBuildPhase section */
		F792843A2C9B38490017A827 /* Resources */ = {
			isa = PBXResourcesBuildPhase;
			buildActionMask = 2147483647;
			files = (
				F79284492C9B384A0017A827 /* Assets.xcassets in Resources */,
				F792844C2C9B384A0017A827 /* Base in Resources */,
				F79284602C9B3D400017A827 /* HomeViewController.xib in Resources */,
				CF0C72C52CA182CB00095473 /* SplashViewController.xib in Resources */,
			);
			runOnlyForDeploymentPostprocessing = 0;
		};
/* End PBXResourcesBuildPhase section */

/* Begin PBXSourcesBuildPhase section */
		F79284382C9B38490017A827 /* Sources */ = {
			isa = PBXSourcesBuildPhase;
			buildActionMask = 2147483647;
			files = (
				F79284672C9B3D9D0017A827 /* HomeBuilder.swift in Sources */,
				F79284402C9B38490017A827 /* AppDelegate.swift in Sources */,
				CF0C72C02CA182CB00095473 /* SplashProtocols.swift in Sources */,
				CF0C72C12CA182CB00095473 /* SplashViewModel.swift in Sources */,
				CF0C72C22CA182CB00095473 /* SplashBuilder.swift in Sources */,
				CF0C72C32CA182CB00095473 /* SplashViewController.swift in Sources */,
				CF0C72C42CA182CB00095473 /* SplashRouter.swift in Sources */,
				F79284612C9B3D400017A827 /* HomeViewController.swift in Sources */,
				F79284632C9B3D690017A827 /* HomeViewModel.swift in Sources */,
				F79284652C9B3D870017A827 /* HomeRouter.swift in Sources */,
				CF0C72B82CA181BC00095473 /* SceneDelegate.swift in Sources */,
			);
			runOnlyForDeploymentPostprocessing = 0;
		};
/* End PBXSourcesBuildPhase section */

/* Begin PBXVariantGroup section */
		F792844A2C9B384A0017A827 /* LaunchScreen.storyboard */ = {
			isa = PBXVariantGroup;
			children = (
				F792844B2C9B384A0017A827 /* Base */,
			);
			name = LaunchScreen.storyboard;
			sourceTree = "<group>";
		};
/* End PBXVariantGroup section */

/* Begin XCBuildConfiguration section */
		F792844E2C9B384A0017A827 /* Debug */ = {
			isa = XCBuildConfiguration;
			buildSettings = {
				ALWAYS_SEARCH_USER_PATHS = NO;
				ASSETCATALOG_COMPILER_GENERATE_SWIFT_ASSET_SYMBOL_EXTENSIONS = YES;
				CLANG_ANALYZER_NONNULL = YES;
				CLANG_ANALYZER_NUMBER_OBJECT_CONVERSION = YES_AGGRESSIVE;
				CLANG_CXX_LANGUAGE_STANDARD = "gnu++20";
				CLANG_ENABLE_MODULES = YES;
				CLANG_ENABLE_OBJC_ARC = YES;
				CLANG_ENABLE_OBJC_WEAK = YES;
				CLANG_WARN_BLOCK_CAPTURE_AUTORELEASING = YES;
				CLANG_WARN_BOOL_CONVERSION = YES;
				CLANG_WARN_COMMA = YES;
				CLANG_WARN_CONSTANT_CONVERSION = YES;
				CLANG_WARN_DEPRECATED_OBJC_IMPLEMENTATIONS = YES;
				CLANG_WARN_DIRECT_OBJC_ISA_USAGE = YES_ERROR;
				CLANG_WARN_DOCUMENTATION_COMMENTS = YES;
				CLANG_WARN_EMPTY_BODY = YES;
				CLANG_WARN_ENUM_CONVERSION = YES;
				CLANG_WARN_INFINITE_RECURSION = YES;
				CLANG_WARN_INT_CONVERSION = YES;
				CLANG_WARN_NON_LITERAL_NULL_CONVERSION = YES;
				CLANG_WARN_OBJC_IMPLICIT_RETAIN_SELF = YES;
				CLANG_WARN_OBJC_LITERAL_CONVERSION = YES;
				CLANG_WARN_OBJC_ROOT_CLASS = YES_ERROR;
				CLANG_WARN_QUOTED_INCLUDE_IN_FRAMEWORK_HEADER = YES;
				CLANG_WARN_RANGE_LOOP_ANALYSIS = YES;
				CLANG_WARN_STRICT_PROTOTYPES = YES;
				CLANG_WARN_SUSPICIOUS_MOVE = YES;
				CLANG_WARN_UNGUARDED_AVAILABILITY = YES_AGGRESSIVE;
				CLANG_WARN_UNREACHABLE_CODE = YES;
				CLANG_WARN__DUPLICATE_METHOD_MATCH = YES;
				COPY_PHASE_STRIP = NO;
				DEBUG_INFORMATION_FORMAT = dwarf;
				ENABLE_STRICT_OBJC_MSGSEND = YES;
				ENABLE_TESTABILITY = YES;
				ENABLE_USER_SCRIPT_SANDBOXING = YES;
				GCC_C_LANGUAGE_STANDARD = gnu17;
				GCC_DYNAMIC_NO_PIC = NO;
				GCC_NO_COMMON_BLOCKS = YES;
				GCC_OPTIMIZATION_LEVEL = 0;
				GCC_PREPROCESSOR_DEFINITIONS = (
					"DEBUG=1",
					"$(inherited)",
				);
				GCC_WARN_64_TO_32_BIT_CONVERSION = YES;
				GCC_WARN_ABOUT_RETURN_TYPE = YES_ERROR;
				GCC_WARN_UNDECLARED_SELECTOR = YES;
				GCC_WARN_UNINITIALIZED_AUTOS = YES_AGGRESSIVE;
				GCC_WARN_UNUSED_FUNCTION = YES;
				GCC_WARN_UNUSED_VARIABLE = YES;
				IPHONEOS_DEPLOYMENT_TARGET = 17.5;
				LOCALIZATION_PREFERS_STRING_CATALOGS = YES;
				MTL_ENABLE_DEBUG_INFO = INCLUDE_SOURCE;
				MTL_FAST_MATH = YES;
				ONLY_ACTIVE_ARCH = YES;
				SDKROOT = iphoneos;
				SWIFT_ACTIVE_COMPILATION_CONDITIONS = "DEBUG $(inherited)";
				SWIFT_OPTIMIZATION_LEVEL = "-Onone";
			};
			name = Debug;
		};
		F792844F2C9B384A0017A827 /* Release */ = {
			isa = XCBuildConfiguration;
			buildSettings = {
				ALWAYS_SEARCH_USER_PATHS = NO;
				ASSETCATALOG_COMPILER_GENERATE_SWIFT_ASSET_SYMBOL_EXTENSIONS = YES;
				CLANG_ANALYZER_NONNULL = YES;
				CLANG_ANALYZER_NUMBER_OBJECT_CONVERSION = YES_AGGRESSIVE;
				CLANG_CXX_LANGUAGE_STANDARD = "gnu++20";
				CLANG_ENABLE_MODULES = YES;
				CLANG_ENABLE_OBJC_ARC = YES;
				CLANG_ENABLE_OBJC_WEAK = YES;
				CLANG_WARN_BLOCK_CAPTURE_AUTORELEASING = YES;
				CLANG_WARN_BOOL_CONVERSION = YES;
				CLANG_WARN_COMMA = YES;
				CLANG_WARN_CONSTANT_CONVERSION = YES;
				CLANG_WARN_DEPRECATED_OBJC_IMPLEMENTATIONS = YES;
				CLANG_WARN_DIRECT_OBJC_ISA_USAGE = YES_ERROR;
				CLANG_WARN_DOCUMENTATION_COMMENTS = YES;
				CLANG_WARN_EMPTY_BODY = YES;
				CLANG_WARN_ENUM_CONVERSION = YES;
				CLANG_WARN_INFINITE_RECURSION = YES;
				CLANG_WARN_INT_CONVERSION = YES;
				CLANG_WARN_NON_LITERAL_NULL_CONVERSION = YES;
				CLANG_WARN_OBJC_IMPLICIT_RETAIN_SELF = YES;
				CLANG_WARN_OBJC_LITERAL_CONVERSION = YES;
				CLANG_WARN_OBJC_ROOT_CLASS = YES_ERROR;
				CLANG_WARN_QUOTED_INCLUDE_IN_FRAMEWORK_HEADER = YES;
				CLANG_WARN_RANGE_LOOP_ANALYSIS = YES;
				CLANG_WARN_STRICT_PROTOTYPES = YES;
				CLANG_WARN_SUSPICIOUS_MOVE = YES;
				CLANG_WARN_UNGUARDED_AVAILABILITY = YES_AGGRESSIVE;
				CLANG_WARN_UNREACHABLE_CODE = YES;
				CLANG_WARN__DUPLICATE_METHOD_MATCH = YES;
				COPY_PHASE_STRIP = NO;
				DEBUG_INFORMATION_FORMAT = "dwarf-with-dsym";
				ENABLE_NS_ASSERTIONS = NO;
				ENABLE_STRICT_OBJC_MSGSEND = YES;
				ENABLE_USER_SCRIPT_SANDBOXING = YES;
				GCC_C_LANGUAGE_STANDARD = gnu17;
				GCC_NO_COMMON_BLOCKS = YES;
				GCC_WARN_64_TO_32_BIT_CONVERSION = YES;
				GCC_WARN_ABOUT_RETURN_TYPE = YES_ERROR;
				GCC_WARN_UNDECLARED_SELECTOR = YES;
				GCC_WARN_UNINITIALIZED_AUTOS = YES_AGGRESSIVE;
				GCC_WARN_UNUSED_FUNCTION = YES;
				GCC_WARN_UNUSED_VARIABLE = YES;
				IPHONEOS_DEPLOYMENT_TARGET = 17.5;
				LOCALIZATION_PREFERS_STRING_CATALOGS = YES;
				MTL_ENABLE_DEBUG_INFO = NO;
				MTL_FAST_MATH = YES;
				SDKROOT = iphoneos;
				SWIFT_COMPILATION_MODE = wholemodule;
				VALIDATE_PRODUCT = YES;
			};
			name = Release;
		};
		F79284512C9B384A0017A827 /* Debug */ = {
			isa = XCBuildConfiguration;
			buildSettings = {
				ASSETCATALOG_COMPILER_APPICON_NAME = AppIcon;
				ASSETCATALOG_COMPILER_GLOBAL_ACCENT_COLOR_NAME = AccentColor;
				CODE_SIGN_STYLE = Automatic;
				CURRENT_PROJECT_VERSION = 1;
				DEVELOPMENT_TEAM = Q75P6DUJC7;
				GENERATE_INFOPLIST_FILE = YES;
				INFOPLIST_FILE = RickAndMorty/Info.plist;
				INFOPLIST_KEY_UIApplicationSupportsIndirectInputEvents = YES;
				INFOPLIST_KEY_UILaunchStoryboardName = SplashViewController;
				INFOPLIST_KEY_UISupportedInterfaceOrientations_iPad = "UIInterfaceOrientationPortrait UIInterfaceOrientationPortraitUpsideDown UIInterfaceOrientationLandscapeLeft UIInterfaceOrientationLandscapeRight";
				INFOPLIST_KEY_UISupportedInterfaceOrientations_iPhone = "UIInterfaceOrientationPortrait UIInterfaceOrientationLandscapeLeft UIInterfaceOrientationLandscapeRight";
				LD_RUNPATH_SEARCH_PATHS = (
					"$(inherited)",
					"@executable_path/Frameworks",
				);
				MARKETING_VERSION = 1.0;
				PRODUCT_BUNDLE_IDENTIFIER = com.YareliArragan.RickAndMorty;
				PRODUCT_NAME = "$(TARGET_NAME)";
				SWIFT_EMIT_LOC_STRINGS = YES;
				SWIFT_VERSION = 5.0;
				TARGETED_DEVICE_FAMILY = "1,2";
			};
			name = Debug;
		};
		F79284522C9B384A0017A827 /* Release */ = {
			isa = XCBuildConfiguration;
			buildSettings = {
				ASSETCATALOG_COMPILER_APPICON_NAME = AppIcon;
				ASSETCATALOG_COMPILER_GLOBAL_ACCENT_COLOR_NAME = AccentColor;
				CODE_SIGN_STYLE = Automatic;
				CURRENT_PROJECT_VERSION = 1;
				DEVELOPMENT_TEAM = Q75P6DUJC7;
				GENERATE_INFOPLIST_FILE = YES;
				INFOPLIST_FILE = RickAndMorty/Info.plist;
				INFOPLIST_KEY_UIApplicationSupportsIndirectInputEvents = YES;
				INFOPLIST_KEY_UILaunchStoryboardName = SplashViewController;
				INFOPLIST_KEY_UISupportedInterfaceOrientations_iPad = "UIInterfaceOrientationPortrait UIInterfaceOrientationPortraitUpsideDown UIInterfaceOrientationLandscapeLeft UIInterfaceOrientationLandscapeRight";
				INFOPLIST_KEY_UISupportedInterfaceOrientations_iPhone = "UIInterfaceOrientationPortrait UIInterfaceOrientationLandscapeLeft UIInterfaceOrientationLandscapeRight";
				LD_RUNPATH_SEARCH_PATHS = (
					"$(inherited)",
					"@executable_path/Frameworks",
				);
				MARKETING_VERSION = 1.0;
				PRODUCT_BUNDLE_IDENTIFIER = com.YareliArragan.RickAndMorty;
				PRODUCT_NAME = "$(TARGET_NAME)";
				SWIFT_EMIT_LOC_STRINGS = YES;
				SWIFT_VERSION = 5.0;
				TARGETED_DEVICE_FAMILY = "1,2";
			};
			name = Release;
		};
/* End XCBuildConfiguration section */

/* Begin XCConfigurationList section */
		F79284372C9B38490017A827 /* Build configuration list for PBXProject "RickAndMorty" */ = {
			isa = XCConfigurationList;
			buildConfigurations = (
				F792844E2C9B384A0017A827 /* Debug */,
				F792844F2C9B384A0017A827 /* Release */,
			);
			defaultConfigurationIsVisible = 0;
			defaultConfigurationName = Release;
		};
		F79284502C9B384A0017A827 /* Build configuration list for PBXNativeTarget "RickAndMorty" */ = {
			isa = XCConfigurationList;
			buildConfigurations = (
				F79284512C9B384A0017A827 /* Debug */,
				F79284522C9B384A0017A827 /* Release */,
			);
			defaultConfigurationIsVisible = 0;
			defaultConfigurationName = Release;
		};
/* End XCConfigurationList section */
	};
	rootObject = F79284342C9B38490017A827 /* Project object */;
}
